{
    "_readme": [
        "This file locks the dependencies of your project to a known state",
        "Read more about it at https://getcomposer.org/doc/01-basic-usage.md#installing-dependencies",
        "This file is @generated automatically"
    ],
    "content-hash": "b74b5a17615b4d027879b14d305fff5d",
    "packages": [
        {
            "name": "brick/varexporter",
            "version": "0.3.7",
            "source": {
                "type": "git",
                "url": "https://github.com/brick/varexporter.git",
                "reference": "3e263cd718d242594c52963760fee2059fd5833c"
            },
            "dist": {
                "type": "zip",
                "url": "https://api.github.com/repos/brick/varexporter/zipball/3e263cd718d242594c52963760fee2059fd5833c",
                "reference": "3e263cd718d242594c52963760fee2059fd5833c",
                "shasum": ""
            },
            "require": {
                "nikic/php-parser": "^4.0",
                "php": "^7.2 || ^8.0"
            },
            "require-dev": {
                "php-coveralls/php-coveralls": "^2.2",
                "phpunit/phpunit": "^8.5 || ^9.0",
                "vimeo/psalm": "4.23.0"
            },
            "type": "library",
            "autoload": {
                "psr-4": {
                    "Brick\\VarExporter\\": "src/"
                }
            },
            "notification-url": "https://packagist.org/downloads/",
            "license": [
                "MIT"
            ],
            "description": "A powerful alternative to var_export(), which can export closures and objects without __set_state()",
            "keywords": [
                "var_export"
            ],
            "support": {
                "issues": "https://github.com/brick/varexporter/issues",
                "source": "https://github.com/brick/varexporter/tree/0.3.7"
            },
            "funding": [
                {
                    "url": "https://github.com/BenMorel",
                    "type": "github"
                }
            ],
            "time": "2022-06-29T23:37:57+00:00"
        },
        {
            "name": "laminas-api-tools/api-tools-configuration",
            "version": "1.5.0",
            "source": {
                "type": "git",
                "url": "https://github.com/laminas-api-tools/api-tools-configuration.git",
                "reference": "4538f8b1e226348cb0a99ddce62fa06af52fadd9"
            },
            "dist": {
                "type": "zip",
                "url": "https://api.github.com/repos/laminas-api-tools/api-tools-configuration/zipball/4538f8b1e226348cb0a99ddce62fa06af52fadd9",
                "reference": "4538f8b1e226348cb0a99ddce62fa06af52fadd9",
                "shasum": ""
            },
            "require": {
                "laminas/laminas-config": "^2.6 || ^3.0",
                "laminas/laminas-modulemanager": "^2.7.1",
                "laminas/laminas-stdlib": "^2.7.7 || ^3.0.1",
                "php": "^7.3 || ~8.0.0 || ~8.1.0"
            },
            "conflict": {
                "zfcampus/zf-configuration": "*"
            },
            "require-dev": {
                "container-interop/container-interop": "^1.1",
                "laminas/laminas-coding-standard": "~2.2.0",
                "phpunit/phpunit": "^9.3",
                "psalm/plugin-phpunit": "^0.13.0",
                "vimeo/psalm": "^4.2"
            },
            "type": "library",
            "extra": {
                "laminas": {
                    "module": "Laminas\\ApiTools\\Configuration"
                }
            },
            "autoload": {
                "psr-4": {
                    "Laminas\\ApiTools\\Configuration\\": "src/"
                }
            },
            "notification-url": "https://packagist.org/downloads/",
            "license": [
                "BSD-3-Clause"
            ],
            "description": "Laminas module providing a REST resource for manipulating configuration",
            "homepage": "https://api-tools.getlaminas.org",
            "keywords": [
                "api-tools",
                "config",
                "laminas",
                "module",
                "rest"
            ],
            "support": {
                "chat": "https://laminas.dev/chat",
                "docs": "https://api-tools.getlaminas.org/documentation",
                "forum": "https://discourse.laminas.dev",
                "issues": "https://github.com/laminas-api-tools/api-tools-configuration/issues",
                "rss": "https://github.com/laminas-api-tools/api-tools-configuration/releases.atom",
                "source": "https://github.com/laminas-api-tools/api-tools-configuration"
            },
            "funding": [
                {
                    "url": "https://funding.communitybridge.org/projects/laminas-project",
                    "type": "community_bridge"
                }
            ],
            "time": "2021-09-14T03:57:05+00:00"
        },
        {
            "name": "laminas-api-tools/statuslib-example",
            "version": "1.3.0",
            "source": {
                "type": "git",
                "url": "https://github.com/laminas-api-tools/statuslib-example.git",
                "reference": "fe7b4e2edd19ebf37983e2a911ce561f0ffe77cc"
            },
            "dist": {
                "type": "zip",
                "url": "https://api.github.com/repos/laminas-api-tools/statuslib-example/zipball/fe7b4e2edd19ebf37983e2a911ce561f0ffe77cc",
                "reference": "fe7b4e2edd19ebf37983e2a911ce561f0ffe77cc",
                "shasum": ""
            },
            "require": {
                "laminas-api-tools/api-tools-configuration": "^1.4",
                "laminas/laminas-config": "^3.4",
                "laminas/laminas-db": "^2.12",
                "laminas/laminas-hydrator": "^1.1 || ^2.0 || ^3.0 || ^4.0",
                "laminas/laminas-paginator": "^2.10",
                "laminas/laminas-stdlib": "^2.7.7 || ^3.0.1",
                "laminas/laminas-zendframework-bridge": "^1.0",
                "php": "^7.3 || ~8.0.0",
                "ramsey/uuid": "^2.8"
            },
            "replace": {
                "zfcampus/statuslib-example": "^1.2.0"
            },
            "require-dev": {
                "laminas/laminas-coding-standard": "~2.3.0"
            },
            "type": "library",
            "extra": {
                "laminas": {
                    "module": "StatusLib"
                }
            },
            "autoload": {
                "psr-4": {
                    "StatusLib\\": "src/"
                }
            },
            "notification-url": "https://packagist.org/downloads/",
            "license": [
                "BSD-3-Clause"
            ],
            "description": "Library for use with Laminas API Tools documentation examples",
            "homepage": "https://api-tools.getlaminas.org",
            "keywords": [
                "api-tools",
                "framework",
                "laminas"
            ],
            "support": {
                "chat": "https://laminas.dev/chat",
                "docs": "https://api-tools.getlaminas.org/documentation",
                "forum": "https://discourse.laminas.dev",
                "issues": "https://github.com/laminas-api-tools/statuslib-example/issues",
                "rss": "https://github.com/laminas-api-tools/statuslib-example/releases.atom",
                "source": "https://github.com/laminas-api-tools/statuslib-example"
            },
            "funding": [
                {
                    "url": "https://funding.communitybridge.org/projects/laminas-project",
                    "type": "community_bridge"
                }
            ],
            "time": "2021-06-03T14:04:59+00:00"
        },
        {
            "name": "laminas/laminas-config",
            "version": "3.7.0",
            "source": {
                "type": "git",
                "url": "https://github.com/laminas/laminas-config.git",
                "reference": "e43d13dcfc273d4392812eb395ce636f73f34dfd"
            },
            "dist": {
                "type": "zip",
                "url": "https://api.github.com/repos/laminas/laminas-config/zipball/e43d13dcfc273d4392812eb395ce636f73f34dfd",
                "reference": "e43d13dcfc273d4392812eb395ce636f73f34dfd",
                "shasum": ""
            },
            "require": {
                "ext-json": "*",
                "laminas/laminas-stdlib": "^3.6",
                "php": "^7.3 || ~8.0.0 || ~8.1.0",
                "psr/container": "^1.0"
            },
            "conflict": {
                "container-interop/container-interop": "<1.2.0",
                "zendframework/zend-config": "*"
            },
            "require-dev": {
                "laminas/laminas-coding-standard": "~1.0.0",
                "laminas/laminas-filter": "^2.7.2",
                "laminas/laminas-i18n": "^2.10.3",
                "laminas/laminas-servicemanager": "^3.7",
                "phpunit/phpunit": "^9.5.5"
            },
            "suggest": {
                "laminas/laminas-filter": "^2.7.2; install if you want to use the Filter processor",
                "laminas/laminas-i18n": "^2.7.4; install if you want to use the Translator processor",
                "laminas/laminas-servicemanager": "^2.7.8 || ^3.3; if you need an extensible plugin manager for use with the Config Factory"
            },
            "type": "library",
            "autoload": {
                "psr-4": {
                    "Laminas\\Config\\": "src/"
                }
            },
            "notification-url": "https://packagist.org/downloads/",
            "license": [
                "BSD-3-Clause"
            ],
            "description": "provides a nested object property based user interface for accessing this configuration data within application code",
            "homepage": "https://laminas.dev",
            "keywords": [
                "config",
                "laminas"
            ],
            "support": {
                "chat": "https://laminas.dev/chat",
                "docs": "https://docs.laminas.dev/laminas-config/",
                "forum": "https://discourse.laminas.dev",
                "issues": "https://github.com/laminas/laminas-config/issues",
                "rss": "https://github.com/laminas/laminas-config/releases.atom",
                "source": "https://github.com/laminas/laminas-config"
            },
            "funding": [
                {
                    "url": "https://funding.communitybridge.org/projects/laminas-project",
                    "type": "community_bridge"
                }
            ],
            "time": "2021-10-01T16:07:46+00:00"
        },
        {
            "name": "laminas/laminas-db",
            "version": "2.15.0",
            "source": {
                "type": "git",
                "url": "https://github.com/laminas/laminas-db.git",
                "reference": "1125ef2e55108bdfcc1f0030d3a0f9b895e09606"
            },
            "dist": {
                "type": "zip",
                "url": "https://api.github.com/repos/laminas/laminas-db/zipball/1125ef2e55108bdfcc1f0030d3a0f9b895e09606",
                "reference": "1125ef2e55108bdfcc1f0030d3a0f9b895e09606",
                "shasum": ""
            },
            "require": {
                "laminas/laminas-stdlib": "^3.7.1",
                "php": "^7.3 || ~8.0.0 || ~8.1.0"
            },
            "conflict": {
                "zendframework/zend-db": "*"
            },
            "require-dev": {
                "laminas/laminas-coding-standard": "~2.2.1",
                "laminas/laminas-eventmanager": "^3.4.0",
                "laminas/laminas-hydrator": "^3.2 || ^4.3",
                "laminas/laminas-servicemanager": "^3.7.0",
                "phpunit/phpunit": "^9.5.19"
            },
            "suggest": {
                "laminas/laminas-eventmanager": "Laminas\\EventManager component",
                "laminas/laminas-hydrator": "(^3.2 || ^4.3) Laminas\\Hydrator component for using HydratingResultSets",
                "laminas/laminas-servicemanager": "Laminas\\ServiceManager component"
            },
            "type": "library",
            "extra": {
                "laminas": {
                    "component": "Laminas\\Db",
                    "config-provider": "Laminas\\Db\\ConfigProvider"
                }
            },
            "autoload": {
                "psr-4": {
                    "Laminas\\Db\\": "src/"
                }
            },
            "notification-url": "https://packagist.org/downloads/",
            "license": [
                "BSD-3-Clause"
            ],
            "description": "Database abstraction layer, SQL abstraction, result set abstraction, and RowDataGateway and TableDataGateway implementations",
            "homepage": "https://laminas.dev",
            "keywords": [
                "db",
                "laminas"
            ],
            "support": {
                "chat": "https://laminas.dev/chat",
                "docs": "https://docs.laminas.dev/laminas-db/",
                "forum": "https://discourse.laminas.dev",
                "issues": "https://github.com/laminas/laminas-db/issues",
                "rss": "https://github.com/laminas/laminas-db/releases.atom",
                "source": "https://github.com/laminas/laminas-db"
            },
            "funding": [
                {
                    "url": "https://funding.communitybridge.org/projects/laminas-project",
                    "type": "community_bridge"
                }
            ],
            "time": "2022-04-11T13:26:20+00:00"
        },
        {
            "name": "laminas/laminas-eventmanager",
            "version": "3.5.0",
            "source": {
                "type": "git",
                "url": "https://github.com/laminas/laminas-eventmanager.git",
                "reference": "41f7209428f37cab9573365e361f4078209aaafa"
            },
            "dist": {
                "type": "zip",
                "url": "https://api.github.com/repos/laminas/laminas-eventmanager/zipball/41f7209428f37cab9573365e361f4078209aaafa",
                "reference": "41f7209428f37cab9573365e361f4078209aaafa",
                "shasum": ""
            },
            "require": {
                "php": "^7.4 || ~8.0.0 || ~8.1.0"
            },
            "conflict": {
                "container-interop/container-interop": "<1.2",
                "zendframework/zend-eventmanager": "*"
            },
            "require-dev": {
                "laminas/laminas-coding-standard": "~2.2.1",
                "laminas/laminas-stdlib": "^3.6",
                "phpbench/phpbench": "^1.1",
                "phpspec/prophecy-phpunit": "^2.0",
                "phpunit/phpunit": "^9.5.5",
                "psr/container": "^1.1.2 || ^2.0.2"
            },
            "suggest": {
                "laminas/laminas-stdlib": "^2.7.3 || ^3.0, to use the FilterChain feature",
                "psr/container": "^1.1.2 || ^2.0.2, to use the lazy listeners feature"
            },
            "type": "library",
            "autoload": {
                "psr-4": {
                    "Laminas\\EventManager\\": "src/"
                }
            },
            "notification-url": "https://packagist.org/downloads/",
            "license": [
                "BSD-3-Clause"
            ],
            "description": "Trigger and listen to events within a PHP application",
            "homepage": "https://laminas.dev",
            "keywords": [
                "event",
                "eventmanager",
                "events",
                "laminas"
            ],
            "support": {
                "chat": "https://laminas.dev/chat",
                "docs": "https://docs.laminas.dev/laminas-eventmanager/",
                "forum": "https://discourse.laminas.dev",
                "issues": "https://github.com/laminas/laminas-eventmanager/issues",
                "rss": "https://github.com/laminas/laminas-eventmanager/releases.atom",
                "source": "https://github.com/laminas/laminas-eventmanager"
            },
            "funding": [
                {
                    "url": "https://funding.communitybridge.org/projects/laminas-project",
                    "type": "community_bridge"
                }
            ],
            "time": "2022-04-06T21:05:17+00:00"
        },
        {
            "name": "laminas/laminas-hydrator",
            "version": "4.5.0",
            "source": {
                "type": "git",
                "url": "https://github.com/laminas/laminas-hydrator.git",
                "reference": "bc849d46fb44e96dd93f7479e21266185ad3def3"
            },
            "dist": {
                "type": "zip",
                "url": "https://api.github.com/repos/laminas/laminas-hydrator/zipball/bc849d46fb44e96dd93f7479e21266185ad3def3",
                "reference": "bc849d46fb44e96dd93f7479e21266185ad3def3",
                "shasum": ""
            },
            "require": {
                "laminas/laminas-stdlib": "^3.3",
                "php": "^7.4 || ~8.0.0 || ~8.1.0",
                "webmozart/assert": "^1.10"
            },
            "conflict": {
                "laminas/laminas-servicemanager": "<3.14.0",
                "zendframework/zend-hydrator": "*"
            },
            "require-dev": {
                "laminas/laminas-coding-standard": "~2.3.0",
                "laminas/laminas-eventmanager": "^3.5.0",
                "laminas/laminas-modulemanager": "^2.11.0",
                "laminas/laminas-serializer": "^2.13.0",
                "laminas/laminas-servicemanager": "^3.14.0",
                "phpbench/phpbench": "^1.2.5",
                "phpunit/phpunit": "~9.5.21",
                "psalm/plugin-phpunit": "^0.17.0",
                "psr/cache": "1.0.1",
                "vimeo/psalm": "^4.24.0"
            },
            "suggest": {
                "laminas/laminas-eventmanager": "^3.2, to support aggregate hydrator usage",
                "laminas/laminas-serializer": "^2.9, to use the SerializableStrategy",
                "laminas/laminas-servicemanager": "^3.14, to support hydrator plugin manager usage"
            },
            "type": "library",
            "extra": {
                "laminas": {
                    "component": "Laminas\\Hydrator",
                    "config-provider": "Laminas\\Hydrator\\ConfigProvider"
                }
            },
            "autoload": {
                "psr-4": {
                    "Laminas\\Hydrator\\": "src/"
                }
            },
            "notification-url": "https://packagist.org/downloads/",
            "license": [
                "BSD-3-Clause"
            ],
            "description": "Serialize objects to arrays, and vice versa",
            "homepage": "https://laminas.dev",
            "keywords": [
                "hydrator",
                "laminas"
            ],
            "support": {
                "chat": "https://laminas.dev/chat",
                "docs": "https://docs.laminas.dev/laminas-hydrator/",
                "forum": "https://discourse.laminas.dev",
                "issues": "https://github.com/laminas/laminas-hydrator/issues",
                "rss": "https://github.com/laminas/laminas-hydrator/releases.atom",
                "source": "https://github.com/laminas/laminas-hydrator"
            },
            "funding": [
                {
                    "url": "https://funding.communitybridge.org/projects/laminas-project",
                    "type": "community_bridge"
                }
            ],
            "time": "2022-07-13T13:58:31+00:00"
        },
        {
            "name": "laminas/laminas-modulemanager",
            "version": "2.12.0",
            "source": {
                "type": "git",
                "url": "https://github.com/laminas/laminas-modulemanager.git",
                "reference": "cd2dd3b3dc59e75a9f2117374222c0d84b25bf19"
            },
            "dist": {
                "type": "zip",
                "url": "https://api.github.com/repos/laminas/laminas-modulemanager/zipball/cd2dd3b3dc59e75a9f2117374222c0d84b25bf19",
                "reference": "cd2dd3b3dc59e75a9f2117374222c0d84b25bf19",
                "shasum": ""
            },
            "require": {
                "brick/varexporter": "^0.3.2",
                "laminas/laminas-config": "^3.7",
                "laminas/laminas-eventmanager": "^3.4",
                "laminas/laminas-stdlib": "^3.6",
                "php": "^7.3 || ~8.0.0 || ~8.1.0",
                "webimpress/safe-writer": "^1.0.2 || ^2.1"
            },
            "conflict": {
                "zendframework/zend-modulemanager": "*"
            },
            "require-dev": {
                "laminas/laminas-coding-standard": "^2.3",
                "laminas/laminas-loader": "^2.8",
                "laminas/laminas-mvc": "^3.1.1",
                "laminas/laminas-servicemanager": "^3.7",
                "phpunit/phpunit": "^9.5.5",
                "psalm/plugin-phpunit": "^0.16.1",
                "vimeo/psalm": "^4.10"
            },
            "suggest": {
                "laminas/laminas-console": "Laminas\\Console component",
                "laminas/laminas-loader": "Laminas\\Loader component if you are not using Composer autoloading for your modules",
                "laminas/laminas-mvc": "Laminas\\Mvc component",
                "laminas/laminas-servicemanager": "Laminas\\ServiceManager component"
            },
            "type": "library",
            "autoload": {
                "psr-4": {
                    "Laminas\\ModuleManager\\": "src/"
                }
            },
            "notification-url": "https://packagist.org/downloads/",
            "license": [
                "BSD-3-Clause"
            ],
            "description": "Modular application system for laminas-mvc applications",
            "homepage": "https://laminas.dev",
            "keywords": [
                "laminas",
                "modulemanager"
            ],
            "support": {
                "chat": "https://laminas.dev/chat",
                "docs": "https://docs.laminas.dev/laminas-modulemanager/",
                "forum": "https://discourse.laminas.dev",
                "issues": "https://github.com/laminas/laminas-modulemanager/issues",
                "rss": "https://github.com/laminas/laminas-modulemanager/releases.atom",
                "source": "https://github.com/laminas/laminas-modulemanager"
            },
            "funding": [
                {
                    "url": "https://funding.communitybridge.org/projects/laminas-project",
                    "type": "community_bridge"
                }
            ],
            "time": "2022-09-07T11:22:27+00:00"
        },
        {
            "name": "laminas/laminas-paginator",
            "version": "2.13.0",
            "source": {
                "type": "git",
                "url": "https://github.com/laminas/laminas-paginator.git",
                "reference": "2d6a9d21f5d67963347d497cd53873e3e693b0b5"
            },
            "dist": {
                "type": "zip",
                "url": "https://api.github.com/repos/laminas/laminas-paginator/zipball/2d6a9d21f5d67963347d497cd53873e3e693b0b5",
                "reference": "2d6a9d21f5d67963347d497cd53873e3e693b0b5",
                "shasum": ""
            },
            "require": {
                "ext-json": "*",
                "laminas/laminas-stdlib": "^3.10.1",
                "php": "^7.4 || ~8.0.0 || ~8.1.0"
            },
            "conflict": {
                "zendframework/zend-paginator": "*"
            },
            "require-dev": {
                "laminas/laminas-cache": "^3.1.2",
                "laminas/laminas-cache-storage-adapter-memory": "^2.0.0",
                "laminas/laminas-coding-standard": "^2.3.0",
                "laminas/laminas-config": "^3.7.0",
                "laminas/laminas-filter": "^2.13.0",
                "laminas/laminas-servicemanager": "^3.14.0",
                "laminas/laminas-view": "^2.15.0",
                "phpunit/phpunit": "^9.5.21",
                "psalm/plugin-phpunit": "^0.16.1",
                "vimeo/psalm": "^4.24.0"
            },
            "suggest": {
                "laminas/laminas-cache": "Laminas\\Cache component to support cache features",
                "laminas/laminas-filter": "Laminas\\Filter component",
                "laminas/laminas-paginator-adapter-laminasdb": "Provides pagination adapters for Select statements and TableGateway instances",
                "laminas/laminas-servicemanager": "Laminas\\ServiceManager component",
                "laminas/laminas-view": "Laminas\\View component"
            },
            "type": "library",
            "extra": {
                "laminas": {
                    "component": "Laminas\\Paginator",
                    "config-provider": "Laminas\\Paginator\\ConfigProvider"
                }
            },
            "autoload": {
                "psr-4": {
                    "Laminas\\Paginator\\": "src/"
                }
            },
            "notification-url": "https://packagist.org/downloads/",
            "license": [
                "BSD-3-Clause"
            ],
            "description": "Paginate collections of data from arbitrary sources",
            "homepage": "https://laminas.dev",
            "keywords": [
                "laminas",
                "paginator"
            ],
            "support": {
                "chat": "https://laminas.dev/chat",
                "docs": "https://docs.laminas.dev/laminas-paginator/",
                "forum": "https://discourse.laminas.dev",
                "issues": "https://github.com/laminas/laminas-paginator/issues",
                "rss": "https://github.com/laminas/laminas-paginator/releases.atom",
                "source": "https://github.com/laminas/laminas-paginator"
            },
            "funding": [
                {
                    "url": "https://funding.communitybridge.org/projects/laminas-project",
                    "type": "community_bridge"
                }
            ],
            "time": "2022-07-12T11:56:05+00:00"
        },
        {
            "name": "laminas/laminas-stdlib",
            "version": "3.13.0",
            "source": {
                "type": "git",
                "url": "https://github.com/laminas/laminas-stdlib.git",
                "reference": "66a6d03c381f6c9f1dd988bf8244f9afb9380d76"
            },
            "dist": {
                "type": "zip",
                "url": "https://api.github.com/repos/laminas/laminas-stdlib/zipball/66a6d03c381f6c9f1dd988bf8244f9afb9380d76",
                "reference": "66a6d03c381f6c9f1dd988bf8244f9afb9380d76",
                "shasum": ""
            },
            "require": {
                "php": "^7.4 || ~8.0.0 || ~8.1.0"
            },
            "conflict": {
                "zendframework/zend-stdlib": "*"
            },
            "require-dev": {
                "laminas/laminas-coding-standard": "~2.3.0",
                "phpbench/phpbench": "^1.2.6",
                "phpstan/phpdoc-parser": "^0.5.4",
                "phpunit/phpunit": "^9.5.23",
                "psalm/plugin-phpunit": "^0.17.0",
                "vimeo/psalm": "^4.26"
            },
            "type": "library",
            "autoload": {
                "psr-4": {
                    "Laminas\\Stdlib\\": "src/"
                }
            },
            "notification-url": "https://packagist.org/downloads/",
            "license": [
                "BSD-3-Clause"
            ],
            "description": "SPL extensions, array utilities, error handlers, and more",
            "homepage": "https://laminas.dev",
            "keywords": [
                "laminas",
                "stdlib"
            ],
            "support": {
                "chat": "https://laminas.dev/chat",
                "docs": "https://docs.laminas.dev/laminas-stdlib/",
                "forum": "https://discourse.laminas.dev",
                "issues": "https://github.com/laminas/laminas-stdlib/issues",
                "rss": "https://github.com/laminas/laminas-stdlib/releases.atom",
                "source": "https://github.com/laminas/laminas-stdlib"
            },
            "funding": [
                {
                    "url": "https://funding.communitybridge.org/projects/laminas-project",
                    "type": "community_bridge"
                }
            ],
            "time": "2022-08-24T13:56:50+00:00"
        },
        {
            "name": "laminas/laminas-zendframework-bridge",
            "version": "1.6.1",
            "source": {
                "type": "git",
                "url": "https://github.com/laminas/laminas-zendframework-bridge.git",
                "reference": "e112dd2c099f4f6142c16fc65fda89a638e06885"
            },
            "dist": {
                "type": "zip",
                "url": "https://api.github.com/repos/laminas/laminas-zendframework-bridge/zipball/e112dd2c099f4f6142c16fc65fda89a638e06885",
                "reference": "e112dd2c099f4f6142c16fc65fda89a638e06885",
                "shasum": ""
            },
            "require": {
                "php": ">=7.4, <8.2"
            },
            "require-dev": {
                "phpunit/phpunit": "^9.5.14",
                "psalm/plugin-phpunit": "^0.15.2",
                "squizlabs/php_codesniffer": "^3.6.2",
                "vimeo/psalm": "^4.21.0"
            },
            "type": "library",
            "extra": {
                "laminas": {
                    "module": "Laminas\\ZendFrameworkBridge"
                }
            },
            "autoload": {
                "files": [
                    "src/autoload.php"
                ],
                "psr-4": {
                    "Laminas\\ZendFrameworkBridge\\": "src//"
                }
            },
            "notification-url": "https://packagist.org/downloads/",
            "license": [
                "BSD-3-Clause"
            ],
            "description": "Alias legacy ZF class names to Laminas Project equivalents.",
            "keywords": [
                "ZendFramework",
                "autoloading",
                "laminas",
                "zf"
            ],
            "support": {
                "forum": "https://discourse.laminas.dev/",
                "issues": "https://github.com/laminas/laminas-zendframework-bridge/issues",
                "rss": "https://github.com/laminas/laminas-zendframework-bridge/releases.atom",
                "source": "https://github.com/laminas/laminas-zendframework-bridge"
            },
            "funding": [
                {
                    "url": "https://funding.communitybridge.org/projects/laminas-project",
                    "type": "community_bridge"
                }
            ],
            "time": "2022-07-29T13:28:29+00:00"
        },
        {
            "name": "nikic/php-parser",
            "version": "v4.15.1",
            "source": {
                "type": "git",
                "url": "https://github.com/nikic/PHP-Parser.git",
                "reference": "0ef6c55a3f47f89d7a374e6f835197a0b5fcf900"
            },
            "dist": {
                "type": "zip",
                "url": "https://api.github.com/repos/nikic/PHP-Parser/zipball/0ef6c55a3f47f89d7a374e6f835197a0b5fcf900",
                "reference": "0ef6c55a3f47f89d7a374e6f835197a0b5fcf900",
                "shasum": ""
            },
            "require": {
                "ext-tokenizer": "*",
                "php": ">=7.0"
            },
            "require-dev": {
                "ircmaxell/php-yacc": "^0.0.7",
                "phpunit/phpunit": "^6.5 || ^7.0 || ^8.0 || ^9.0"
            },
            "bin": [
                "bin/php-parse"
            ],
            "type": "library",
            "extra": {
                "branch-alias": {
                    "dev-master": "4.9-dev"
                }
            },
            "autoload": {
                "psr-4": {
                    "PhpParser\\": "lib/PhpParser"
                }
            },
            "notification-url": "https://packagist.org/downloads/",
            "license": [
                "BSD-3-Clause"
            ],
            "authors": [
                {
                    "name": "Nikita Popov"
                }
            ],
            "description": "A PHP parser written in PHP",
            "keywords": [
                "parser",
                "php"
            ],
            "support": {
                "issues": "https://github.com/nikic/PHP-Parser/issues",
                "source": "https://github.com/nikic/PHP-Parser/tree/v4.15.1"
            },
            "time": "2022-09-04T07:30:47+00:00"
        },
        {
            "name": "paragonie/random_compat",
            "version": "v2.0.21",
            "source": {
                "type": "git",
                "url": "https://github.com/paragonie/random_compat.git",
                "reference": "96c132c7f2f7bc3230723b66e89f8f150b29d5ae"
            },
            "dist": {
                "type": "zip",
                "url": "https://api.github.com/repos/paragonie/random_compat/zipball/96c132c7f2f7bc3230723b66e89f8f150b29d5ae",
                "reference": "96c132c7f2f7bc3230723b66e89f8f150b29d5ae",
                "shasum": ""
            },
            "require": {
                "php": ">=5.2.0"
            },
            "require-dev": {
                "phpunit/phpunit": "*"
            },
            "suggest": {
                "ext-libsodium": "Provides a modern crypto API that can be used to generate random bytes."
            },
            "type": "library",
            "autoload": {
                "files": [
                    "lib/random.php"
                ]
            },
            "notification-url": "https://packagist.org/downloads/",
            "license": [
                "MIT"
            ],
            "authors": [
                {
                    "name": "Paragon Initiative Enterprises",
                    "email": "security@paragonie.com",
                    "homepage": "https://paragonie.com"
                }
            ],
            "description": "PHP 5.x polyfill for random_bytes() and random_int() from PHP 7",
            "keywords": [
                "csprng",
                "polyfill",
                "pseudorandom",
                "random"
            ],
            "support": {
                "email": "info@paragonie.com",
                "issues": "https://github.com/paragonie/random_compat/issues",
                "source": "https://github.com/paragonie/random_compat"
            },
            "time": "2022-02-16T17:07:03+00:00"
        },
        {
            "name": "psr/container",
            "version": "1.1.2",
            "source": {
                "type": "git",
                "url": "https://github.com/php-fig/container.git",
                "reference": "513e0666f7216c7459170d56df27dfcefe1689ea"
            },
            "dist": {
                "type": "zip",
                "url": "https://api.github.com/repos/php-fig/container/zipball/513e0666f7216c7459170d56df27dfcefe1689ea",
                "reference": "513e0666f7216c7459170d56df27dfcefe1689ea",
                "shasum": ""
            },
            "require": {
                "php": ">=7.4.0"
            },
            "type": "library",
            "autoload": {
                "psr-4": {
                    "Psr\\Container\\": "src/"
                }
            },
            "notification-url": "https://packagist.org/downloads/",
            "license": [
                "MIT"
            ],
            "authors": [
                {
                    "name": "PHP-FIG",
                    "homepage": "https://www.php-fig.org/"
                }
            ],
            "description": "Common Container Interface (PHP FIG PSR-11)",
            "homepage": "https://github.com/php-fig/container",
            "keywords": [
                "PSR-11",
                "container",
                "container-interface",
                "container-interop",
                "psr"
            ],
            "support": {
                "issues": "https://github.com/php-fig/container/issues",
                "source": "https://github.com/php-fig/container/tree/1.1.2"
            },
            "time": "2021-11-05T16:50:12+00:00"
        },
        {
            "name": "ramsey/uuid",
            "version": "2.9.0",
            "source": {
                "type": "git",
                "url": "https://github.com/ramsey/uuid.git",
                "reference": "b2ef4dd9584268d73f92f752a62bc24cd534dc9a"
            },
            "dist": {
                "type": "zip",
                "url": "https://api.github.com/repos/ramsey/uuid/zipball/b2ef4dd9584268d73f92f752a62bc24cd534dc9a",
                "reference": "b2ef4dd9584268d73f92f752a62bc24cd534dc9a",
                "shasum": ""
            },
            "require": {
                "paragonie/random_compat": "^1.0|^2.0",
                "php": ">=5.3.3"
            },
            "replace": {
                "rhumsaa/uuid": "self.version"
            },
            "require-dev": {
                "doctrine/dbal": ">=2.3",
                "jakub-onderka/php-parallel-lint": "^0.9.0",
                "moontoast/math": "~1.1",
                "phpunit/phpunit": "~4.1|~5.0",
                "satooshi/php-coveralls": "~0.6",
                "squizlabs/php_codesniffer": "^2.3",
                "symfony/console": "~2.3|~3.0"
            },
            "suggest": {
                "doctrine/dbal": "Allow the use of a UUID as doctrine field type.",
                "moontoast/math": "Support for converting UUID to 128-bit integer (in string form).",
                "symfony/console": "Support for use of the bin/uuid command line tool."
            },
            "bin": [
                "bin/uuid"
            ],
            "type": "library",
            "autoload": {
                "psr-4": {
                    "Rhumsaa\\Uuid\\": "src/"
                }
            },
            "notification-url": "https://packagist.org/downloads/",
            "license": [
                "MIT"
            ],
            "authors": [
                {
                    "name": "Ben Ramsey",
                    "homepage": "http://benramsey.com"
                },
                {
                    "name": "Marijn Huizendveld",
                    "email": "marijn.huizendveld@gmail.com"
                }
            ],
            "description": "A PHP 5.3+ library for generating RFC 4122 version 1, 3, 4, and 5 universally unique identifiers (UUID).",
            "homepage": "https://github.com/ramsey/uuid",
            "keywords": [
                "guid",
                "identifier",
                "uuid"
            ],
            "support": {
                "issues": "https://github.com/ramsey/uuid/issues",
                "source": "https://github.com/ramsey/uuid"
            },
            "funding": [
                {
                    "url": "https://github.com/ramsey",
                    "type": "github"
                },
                {
                    "url": "https://tidelift.com/funding/github/packagist/ramsey/uuid",
                    "type": "tidelift"
                }
            ],
            "time": "2016-03-22T18:20:19+00:00"
        },
        {
            "name": "webimpress/safe-writer",
            "version": "2.2.0",
            "source": {
                "type": "git",
                "url": "https://github.com/webimpress/safe-writer.git",
                "reference": "9d37cc8bee20f7cb2f58f6e23e05097eab5072e6"
            },
            "dist": {
                "type": "zip",
                "url": "https://api.github.com/repos/webimpress/safe-writer/zipball/9d37cc8bee20f7cb2f58f6e23e05097eab5072e6",
                "reference": "9d37cc8bee20f7cb2f58f6e23e05097eab5072e6",
                "shasum": ""
            },
            "require": {
                "php": "^7.3 || ^8.0"
            },
            "require-dev": {
                "phpunit/phpunit": "^9.5.4",
                "vimeo/psalm": "^4.7",
                "webimpress/coding-standard": "^1.2.2"
            },
            "type": "library",
            "extra": {
                "branch-alias": {
                    "dev-master": "2.2.x-dev",
                    "dev-develop": "2.3.x-dev",
                    "dev-release-1.0": "1.0.x-dev"
                }
            },
            "autoload": {
                "psr-4": {
                    "Webimpress\\SafeWriter\\": "src/"
                }
            },
            "notification-url": "https://packagist.org/downloads/",
            "license": [
                "BSD-2-Clause"
            ],
            "description": "Tool to write files safely, to avoid race conditions",
            "keywords": [
                "concurrent write",
                "file writer",
                "race condition",
                "safe writer",
                "webimpress"
            ],
            "support": {
                "issues": "https://github.com/webimpress/safe-writer/issues",
                "source": "https://github.com/webimpress/safe-writer/tree/2.2.0"
            },
            "funding": [
                {
                    "url": "https://github.com/michalbundyra",
                    "type": "github"
                }
            ],
            "time": "2021-04-19T16:34:45+00:00"
        },
        {
            "name": "webmozart/assert",
            "version": "1.11.0",
            "source": {
                "type": "git",
                "url": "https://github.com/webmozarts/assert.git",
                "reference": "11cb2199493b2f8a3b53e7f19068fc6aac760991"
            },
            "dist": {
                "type": "zip",
                "url": "https://api.github.com/repos/webmozarts/assert/zipball/11cb2199493b2f8a3b53e7f19068fc6aac760991",
                "reference": "11cb2199493b2f8a3b53e7f19068fc6aac760991",
                "shasum": ""
            },
            "require": {
                "ext-ctype": "*",
                "php": "^7.2 || ^8.0"
            },
            "conflict": {
                "phpstan/phpstan": "<0.12.20",
                "vimeo/psalm": "<4.6.1 || 4.6.2"
            },
            "require-dev": {
                "phpunit/phpunit": "^8.5.13"
            },
            "type": "library",
            "extra": {
                "branch-alias": {
                    "dev-master": "1.10-dev"
                }
            },
            "autoload": {
                "psr-4": {
                    "Webmozart\\Assert\\": "src/"
                }
            },
            "notification-url": "https://packagist.org/downloads/",
            "license": [
                "MIT"
            ],
            "authors": [
                {
                    "name": "Bernhard Schussek",
                    "email": "bschussek@gmail.com"
                }
            ],
            "description": "Assertions to validate method input/output with nice error messages.",
            "keywords": [
                "assert",
                "check",
                "validate"
            ],
            "support": {
                "issues": "https://github.com/webmozarts/assert/issues",
                "source": "https://github.com/webmozarts/assert/tree/1.11.0"
            },
            "time": "2022-06-03T18:03:27+00:00"
        }
    ],
    "packages-dev": [],
    "aliases": [],
    "minimum-stability": "stable",
    "stability-flags": [],
    "prefer-stable": false,
    "prefer-lowest": false,
    "platform": [],
    "platform-dev": [],
    "plugin-api-version": "2.1.0"
}
